
Microsoft Visual Studio Solution File, Format Version 12.00
# Visual Studio Version 16
VisualStudioVersion = 16.0.30907.101
MinimumVisualStudioVersion = 10.0.40219.1
Project("{FAE04EC0-301F-11D3-BF4B-00C04F79EFBC}") = "SkinCancerApp.Android", "SkinCancerApp\SkinCancerApp.Android\SkinCancerApp.Android.csproj", "{04269ECD-7547-4243-A598-015716440E3A}"
EndProject
Project("{FAE04EC0-301F-11D3-BF4B-00C04F79EFBC}") = "SkinCancerApp.iOS", "SkinCancerApp\SkinCancerApp.iOS\SkinCancerApp.iOS.csproj", "{DFE4ADCA-6596-4ADE-8610-66EA0FC5AADC}"
EndProject
Project("{FAE04EC0-301F-11D3-BF4B-00C04F79EFBC}") = "SkinCancerApp", "SkinCancerApp\SkinCancerApp\SkinCancerApp.csproj", "{541F9689-C569-43F9-9B4F-E324DF99CFD9}"
EndProject
Global
	GlobalSection(SolutionConfigurationPlatforms) = preSolution
		Debug|Any CPU = Debug|Any CPU
		Debug|iPhone = Debug|iPhone
		Debug|iPhoneSimulator = Debug|iPhoneSimulator
		Release|Any CPU = Release|Any CPU
		Release|iPhone = Release|iPhone
		Release|iPhoneSimulator = Release|iPhoneSimulator
	EndGlobalSection
	GlobalSection(ProjectConfigurationPlatforms) = postSolution
		{04269ECD-7547-4243-A598-015716440E3A}.Debug|Any CPU.ActiveCfg = Debug|Any CPU
		{04269ECD-7547-4243-A598-015716440E3A}.Debug|Any CPU.Build.0 = Debug|Any CPU
		{04269ECD-7547-4243-A598-015716440E3A}.Debug|Any CPU.Deploy.0 = Debug|Any CPU
		{04269ECD-7547-4243-A598-015716440E3A}.Debug|iPhone.ActiveCfg = Debug|Any CPU
		{04269ECD-7547-4243-A598-015716440E3A}.Debug|iPhone.Build.0 = Debug|Any CPU
		{04269ECD-7547-4243-A598-015716440E3A}.Debug|iPhone.Deploy.0 = Debug|Any CPU
		{04269ECD-7547-4243-A598-015716440E3A}.Debug|iPhoneSimulator.ActiveCfg = Debug|Any CPU
		{04269ECD-7547-4243-A598-015716440E3A}.Debug|iPhoneSimulator.Build.0 = Debug|Any CPU
		{04269ECD-7547-4243-A598-015716440E3A}.Debug|iPhoneSimulator.Deploy.0 = Debug|Any CPU
		{04269ECD-7547-4243-A598-015716440E3A}.Release|Any CPU.ActiveCfg = Release|Any CPU
		{04269ECD-7547-4243-A598-015716440E3A}.Release|Any CPU.Build.0 = Release|Any CPU
		{04269ECD-7547-4243-A598-015716440E3A}.Release|Any CPU.Deploy.0 = Release|Any CPU
		{04269ECD-7547-4243-A598-015716440E3A}.Release|iPhone.ActiveCfg = Release|Any CPU
		{04269ECD-7547-4243-A598-015716440E3A}.Release|iPhone.Build.0 = Release|Any CPU
		{04269ECD-7547-4243-A598-015716440E3A}.Release|iPhone.Deploy.0 = Release|Any CPU
		{04269ECD-7547-4243-A598-015716440E3A}.Release|iPhoneSimulator.ActiveCfg = Release|Any CPU
		{04269ECD-7547-4243-A598-015716440E3A}.Release|iPhoneSimulator.Build.0 = Release|Any CPU
		{04269ECD-7547-4243-A598-015716440E3A}.Release|iPhoneSimulator.Deploy.0 = Release|Any CPU
		{DFE4ADCA-6596-4ADE-8610-66EA0FC5AADC}.Debug|Any CPU.ActiveCfg = Debug|iPhone
		{DFE4ADCA-6596-4ADE-8610-66EA0FC5AADC}.Debug|Any CPU.Build.0 = Debug|iPhone
		{DFE4ADCA-6596-4ADE-8610-66EA0FC5AADC}.Debug|Any CPU.Deploy.0 = Debug|iPhone
		{DFE4ADCA-6596-4ADE-8610-66EA0FC5AADC}.Debug|iPhone.ActiveCfg = Debug|iPhone
		{DFE4ADCA-6596-4ADE-8610-66EA0FC5AADC}.Debug|iPhone.Build.0 = Debug|iPhone
		{DFE4ADCA-6596-4ADE-8610-66EA0FC5AADC}.Debug|iPhone.Deploy.0 = Debug|iPhone
		{DFE4ADCA-6596-4ADE-8610-66EA0FC5AADC}.Debug|iPhoneSimulator.ActiveCfg = Debug|iPhoneSimulator
		{DFE4ADCA-6596-4ADE-8610-66EA0FC5AADC}.Debug|iPhoneSimulator.Build.0 = Debug|iPhoneSimulator
		{DFE4ADCA-6596-4ADE-8610-66EA0FC5AADC}.Debug|iPhoneSimulator.Deploy.0 = Debug|iPhoneSimulator
		{DFE4ADCA-6596-4ADE-8610-66EA0FC5AADC}.Release|Any CPU.ActiveCfg = Release|iPhoneSimulator
		{DFE4ADCA-6596-4ADE-8610-66EA0FC5AADC}.Release|Any CPU.Build.0 = Release|iPhoneSimulator
		{DFE4ADCA-6596-4ADE-8610-66EA0FC5AADC}.Release|Any CPU.Deploy.0 = Release|iPhoneSimulator
		{DFE4ADCA-6596-4ADE-8610-66EA0FC5AADC}.Release|iPhone.ActiveCfg = Release|iPhone
		{DFE4ADCA-6596-4ADE-8610-66EA0FC5AADC}.Release|iPhone.Build.0 = Release|iPhone
		{DFE4ADCA-6596-4ADE-8610-66EA0FC5AADC}.Release|iPhone.Deploy.0 = Release|iPhone
		{DFE4ADCA-6596-4ADE-8610-66EA0FC5AADC}.Release|iPhoneSimulator.ActiveCfg = Release|iPhoneSimulator
		{DFE4ADCA-6596-4ADE-8610-66EA0FC5AADC}.Release|iPhoneSimulator.Build.0 = Release|iPhoneSimulator
		{DFE4ADCA-6596-4ADE-8610-66EA0FC5AADC}.Release|iPhoneSimulator.Deploy.0 = Release|iPhoneSimulator
		{541F9689-C569-43F9-9B4F-E324DF99CFD9}.Debug|Any CPU.ActiveCfg = Debug|Any CPU
		{541F9689-C569-43F9-9B4F-E324DF99CFD9}.Debug|Any CPU.Build.0 = Debug|Any CPU
		{541F9689-C569-43F9-9B4F-E324DF99CFD9}.Debug|Any CPU.Deploy.0 = Debug|Any CPU
		{541F9689-C569-43F9-9B4F-E324DF99CFD9}.Debug|iPhone.ActiveCfg = Debug|Any CPU
		{541F9689-C569-43F9-9B4F-E324DF99CFD9}.Debug|iPhone.Build.0 = Debug|Any CPU
		{541F9689-C569-43F9-9B4F-E324DF99CFD9}.Debug|iPhone.Deploy.0 = Debug|Any CPU
		{541F9689-C569-43F9-9B4F-E324DF99CFD9}.Debug|iPhoneSimulator.ActiveCfg = Debug|Any CPU
		{541F9689-C569-43F9-9B4F-E324DF99CFD9}.Debug|iPhoneSimulator.Build.0 = Debug|Any CPU
		{541F9689-C569-43F9-9B4F-E324DF99CFD9}.Debug|iPhoneSimulator.Deploy.0 = Debug|Any CPU
		{541F9689-C569-43F9-9B4F-E324DF99CFD9}.Release|Any CPU.ActiveCfg = Release|Any CPU
		{541F9689-C569-43F9-9B4F-E324DF99CFD9}.Release|Any CPU.Build.0 = Release|Any CPU
		{541F9689-C569-43F9-9B4F-E324DF99CFD9}.Release|Any CPU.Deploy.0 = Release|Any CPU
		{541F9689-C569-43F9-9B4F-E324DF99CFD9}.Release|iPhone.ActiveCfg = Release|Any CPU
		{541F9689-C569-43F9-9B4F-E324DF99CFD9}.Release|iPhone.Build.0 = Release|Any CPU
		{541F9689-C569-43F9-9B4F-E324DF99CFD9}.Release|iPhone.Deploy.0 = Release|Any CPU
		{541F9689-C569-43F9-9B4F-E324DF99CFD9}.Release|iPhoneSimulator.ActiveCfg = Release|Any CPU
		{541F9689-C569-43F9-9B4F-E324DF99CFD9}.Release|iPhoneSimulator.Build.0 = Release|Any CPU
		{541F9689-C569-43F9-9B4F-E324DF99CFD9}.Release|iPhoneSimulator.Deploy.0 = Release|Any CPU
	EndGlobalSection
	GlobalSection(SolutionProperties) = preSolution
		HideSolutionNode = FALSE
	EndGlobalSection
	GlobalSection(ExtensibilityGlobals) = postSolution
		SolutionGuid = {FD9B4477-4290-4661-B856-729BCEDC0901}
	EndGlobalSection
EndGlobal
